
Microsoft Visual Studio Solution File, Format Version 12.00
# Visual Studio Version 17
VisualStudioVersion = 17.14.36202.13
MinimumVisualStudioVersion = 10.0.40219.1
Project("{FAE04EC0-301F-11D3-BF4B-00C04F79EFBC}") = "MatchStorage.Function", "MatchStorage.Function\MatchStorage.Function.csproj", "{174FF194-33C1-4BEE-8176-861D08BB803D}"
EndProject
Project("{FAE04EC0-301F-11D3-BF4B-00C04F79EFBC}") = "MatchStorage.Services", "MatchStorage.Services\MatchStorage.Services.csproj", "{C8BC8891-DA04-4BBC-A563-C4F0511CBEBF}"
EndProject
Global
	GlobalSection(SolutionConfigurationPlatforms) = preSolution
		Debug|Any CPU = Debug|Any CPU
		Release|Any CPU = Release|Any CPU
	EndGlobalSection
	GlobalSection(ProjectConfigurationPlatforms) = postSolution
		{174FF194-33C1-4BEE-8176-861D08BB803D}.Debug|Any CPU.ActiveCfg = Debug|Any CPU
		{174FF194-33C1-4BEE-8176-861D08BB803D}.Debug|Any CPU.Build.0 = Debug|Any CPU
		{174FF194-33C1-4BEE-8176-861D08BB803D}.Release|Any CPU.ActiveCfg = Release|Any CPU
		{174FF194-33C1-4BEE-8176-861D08BB803D}.Release|Any CPU.Build.0 = Release|Any CPU
		{C8BC8891-DA04-4BBC-A563-C4F0511CBEBF}.Debug|Any CPU.ActiveCfg = Debug|Any CPU
		{C8BC8891-DA04-4BBC-A563-C4F0511CBEBF}.Debug|Any CPU.Build.0 = Debug|Any CPU
		{C8BC8891-DA04-4BBC-A563-C4F0511CBEBF}.Release|Any CPU.ActiveCfg = Release|Any CPU
		{C8BC8891-DA04-4BBC-A563-C4F0511CBEBF}.Release|Any CPU.Build.0 = Release|Any CPU
	EndGlobalSection
	GlobalSection(SolutionProperties) = preSolution
		HideSolutionNode = FALSE
	EndGlobalSection
	GlobalSection(ExtensibilityGlobals) = postSolution
		SolutionGuid = {C502BD5E-0AB0-4FC6-A48D-64D5CF662AEC}
	EndGlobalSection
EndGlobal
